
Microsoft Visual Studio Solution File, Format Version 12.00
# Visual Studio Version 17
VisualStudioVersion = 17.13.35913.81 d17.13
MinimumVisualStudioVersion = 10.0.40219.1
Project("{FAE04EC0-301F-11D3-BF4B-00C04F79EFBC}") = "YourRide", "YourRide\YourRide.csproj", "{BACA65A3-9286-4687-9438-5A1F5CCC3075}"
EndProject
Global
	GlobalSection(SolutionConfigurationPlatforms) = preSolution
		Debug|Any CPU = Debug|Any CPU
		Release|Any CPU = Release|Any CPU
	EndGlobalSection
	GlobalSection(ProjectConfigurationPlatforms) = postSolution
		{BACA65A3-9286-4687-9438-5A1F5CCC3075}.Debug|Any CPU.ActiveCfg = Debug|Any CPU
		{BACA65A3-9286-4687-9438-5A1F5CCC3075}.Debug|Any CPU.Build.0 = Debug|Any CPU
		{BACA65A3-9286-4687-9438-5A1F5CCC3075}.Release|Any CPU.ActiveCfg = Release|Any CPU
		{BACA65A3-9286-4687-9438-5A1F5CCC3075}.Release|Any CPU.Build.0 = Release|Any CPU
	EndGlobalSection
	GlobalSection(SolutionProperties) = preSolution
		HideSolutionNode = FALSE
	EndGlobalSection
	GlobalSection(ExtensibilityGlobals) = postSolution
		SolutionGuid = {730ED367-8DFB-4EEF-90AB-934470697DFC}
	EndGlobalSection
EndGlobal
